
Microsoft Visual Studio Solution File, Format Version 12.00
# Visual Studio Version 17
VisualStudioVersion = 17.1.32210.238
MinimumVisualStudioVersion = 10.0.40219.1
Project("{FAE04EC0-301F-11D3-BF4B-00C04F79EFBC}") = "Muhasebe Takip", "Muhasebe Takip\Muhasebe Takip.csproj", "{E9365EA1-0F99-4F5E-B033-14A162FE3865}"
EndProject
Global
	GlobalSection(SolutionConfigurationPlatforms) = preSolution
		Debug|Any CPU = Debug|Any CPU
		Release|Any CPU = Release|Any CPU
	EndGlobalSection
	GlobalSection(ProjectConfigurationPlatforms) = postSolution
		{E9365EA1-0F99-4F5E-B033-14A162FE3865}.Debug|Any CPU.ActiveCfg = Debug|Any CPU
		{E9365EA1-0F99-4F5E-B033-14A162FE3865}.Debug|Any CPU.Build.0 = Debug|Any CPU
		{E9365EA1-0F99-4F5E-B033-14A162FE3865}.Release|Any CPU.ActiveCfg = Release|Any CPU
		{E9365EA1-0F99-4F5E-B033-14A162FE3865}.Release|Any CPU.Build.0 = Release|Any CPU
	EndGlobalSection
	GlobalSection(SolutionProperties) = preSolution
		HideSolutionNode = FALSE
	EndGlobalSection
	GlobalSection(ExtensibilityGlobals) = postSolution
		SolutionGuid = {B1BE7CE3-6B3F-45EF-A3CB-D8A5537126FE}
	EndGlobalSection
EndGlobal
